// !$*UTF8*$!
{
	archiveVersion = 1;
	classes = {
	};
	objectVersion = 46;
	objects = {

/* Begin PBXBuildFile section */
		852F82971D74519000B3B846 /* main.m in Sources */ = {isa = PBXBuildFile; fileRef = 852F82961D74519000B3B846 /* main.m */; };
		852F829A1D74519000B3B846 /* AppDelegate.m in Sources */ = {isa = PBXBuildFile; fileRef = 852F82991D74519000B3B846 /* AppDelegate.m */; };
		852F829D1D74519000B3B846 /* ViewController.m in Sources */ = {isa = PBXBuildFile; fileRef = 852F829C1D74519000B3B846 /* ViewController.m */; };
		852F82A01D74519000B3B846 /* Main.storyboard in Resources */ = {isa = PBXBuildFile; fileRef = 852F829E1D74519000B3B846 /* Main.storyboard */; };
		852F82A21D74519000B3B846 /* Assets.xcassets in Resources */ = {isa = PBXBuildFile; fileRef = 852F82A11D74519000B3B846 /* Assets.xcassets */; };
		852F82A51D74519000B3B846 /* LaunchScreen.storyboard in Resources */ = {isa = PBXBuildFile; fileRef = 852F82A31D74519000B3B846 /* LaunchScreen.storyboard */; };
		852F82B01D74519000B3B846 /* DLShareKitTests.m in Sources */ = {isa = PBXBuildFile; fileRef = 852F82AF1D74519000B3B846 /* DLShareKitTests.m */; };
		852F82BB1D74519000B3B846 /* DLShareKitUITests.m in Sources */ = {isa = PBXBuildFile; fileRef = 852F82BA1D74519000B3B846 /* DLShareKitUITests.m */; };
/* End PBXBuildFile section */

/* Begin PBXContainerItemProxy section */
		852F82AC1D74519000B3B846 /* PBXContainerItemProxy */ = {
			isa = PBXContainerItemProxy;
			containerPortal = 852F828A1D74519000B3B846 /* Project object */;
			proxyType = 1;
			remoteGlobalIDString = 852F82911D74519000B3B846;
			remoteInfo = DLShareKit;
		};
		852F82B71D74519000B3B846 /* PBXContainerItemProxy */ = {
			isa = PBXContainerItemProxy;
			containerPortal = 852F828A1D74519000B3B846 /* Project object */;
			proxyType = 1;
			remoteGlobalIDString = 852F82911D74519000B3B846;
			remoteInfo = DLShareKit;
		};
/* End PBXContainerItemProxy section */

/* Begin PBXFileReference section */
		852F82921D74519000B3B846 /* DLShareKit.app */ = {isa = PBXFileReference; explicitFileType = wrapper.application; includeInIndex = 0; path = DLShareKit.app; sourceTree = BUILT_PRODUCTS_DIR; };
		852F82961D74519000B3B846 /* main.m */ = {isa = PBXFileReference; lastKnownFileType = sourcecode.c.objc; path = main.m; sourceTree = "<group>"; };
		852F82981D74519000B3B846 /* AppDelegate.h */ = {isa = PBXFileReference; lastKnownFileType = sourcecode.c.h; path = AppDelegate.h; sourceTree = "<group>"; };
		852F82991D74519000B3B846 /* AppDelegate.m */ = {isa = PBXFileReference; lastKnownFileType = sourcecode.c.objc; path = AppDelegate.m; sourceTree = "<group>"; };
		852F829B1D74519000B3B846 /* ViewController.h */ = {isa = PBXFileReference; lastKnownFileType = sourcecode.c.h; path = ViewController.h; sourceTree = "<group>"; };
		852F829C1D74519000B3B846 /* ViewController.m */ = {isa = PBXFileReference; lastKnownFileType = sourcecode.c.objc; path = ViewController.m; sourceTree = "<group>"; };
		852F829F1D74519000B3B846 /* Base */ = {isa = PBXFileReference; lastKnownFileType = file.storyboard; name = Base; path = Base.lproj/Main.storyboard; sourceTree = "<group>"; };
		852F82A11D74519000B3B846 /* Assets.xcassets */ = {isa = PBXFileReference; lastKnownFileType = folder.assetcatalog; path = Assets.xcassets; sourceTree = "<group>"; };
		852F82A41D74519000B3B846 /* Base */ = {isa = PBXFileReference; lastKnownFileType = file.storyboard; name = Base; path = Base.lproj/LaunchScreen.storyboard; sourceTree = "<group>"; };
		852F82A61D74519000B3B846 /* Info.plist */ = {isa = PBXFileReference; lastKnownFileType = text.plist.xml; path = Info.plist; sourceTree = "<group>"; };
		852F82AB1D74519000B3B846 /* DLShareKitTests.xctest */ = {isa = PBXFileReference; explicitFileType = wrapper.cfbundle; includeInIndex = 0; path = DLShareKitTests.xctest; sourceTree = BUILT_PRODUCTS_DIR; };
		852F82AF1D74519000B3B846 /* DLShareKitTests.m */ = {isa = PBXFileReference; lastKnownFileType = sourcecode.c.objc; path = DLShareKitTests.m; sourceTree = "<group>"; };
		852F82B11D74519000B3B846 /* Info.plist */ = {isa = PBXFileReference; lastKnownFileType = text.plist.xml; path = Info.plist; sourceTree = "<group>"; };
		852F82B61D74519000B3B846 /* DLShareKitUITests.xctest */ = {isa = PBXFileReference; explicitFileType = wrapper.cfbundle; includeInIndex = 0; path = DLShareKitUITests.xctest; sourceTree = BUILT_PRODUCTS_DIR; };
		852F82BA1D74519000B3B846 /* DLShareKitUITests.m */ = {isa = PBXFileReference; lastKnownFileType = sourcecode.c.objc; path = DLShareKitUITests.m; sourceTree = "<group>"; };
		852F82BC1D74519000B3B846 /* Info.plist */ = {isa = PBXFileReference; lastKnownFileType = text.plist.xml; path = Info.plist; sourceTree = "<group>"; };
/* End PBXFileReference section */

/* Begin PBXFrameworksBuildPhase section */
		852F828F1D74519000B3B846 /* Frameworks */ = {
			isa = PBXFrameworksBuildPhase;
			buildActionMask = 2147483647;
			files = (
			);
			runOnlyForDeploymentPostprocessing = 0;
		};
		852F82A81D74519000B3B846 /* Frameworks */ = {
			isa = PBXFrameworksBuildPhase;
			buildActionMask = 2147483647;
			files = (
			);
			runOnlyForDeploymentPostprocessing = 0;
		};
		852F82B31D74519000B3B846 /* Frameworks */ = {
			isa = PBXFrameworksBuildPhase;
			buildActionMask = 2147483647;
			files = (
			);
			runOnlyForDeploymentPostprocessing = 0;
		};
/* End PBXFrameworksBuildPhase section */

/* Begin PBXGroup section */
		852F82891D74519000B3B846 = {
			isa = PBXGroup;
			children = (
				852F82941D74519000B3B846 /* DLShareKit */,
				852F82AE1D74519000B3B846 /* DLShareKitTests */,
				852F82B91D74519000B3B846 /* DLShareKitUITests */,
				852F82931D74519000B3B846 /* Products */,
			);
			sourceTree = "<group>";
		};
		852F82931D74519000B3B846 /* Products */ = {
			isa = PBXGroup;
			children = (
				852F82921D74519000B3B846 /* DLShareKit.app */,
				852F82AB1D74519000B3B846 /* DLShareKitTests.xctest */,
				852F82B61D74519000B3B846 /* DLShareKitUITests.xctest */,
			);
			name = Products;
			sourceTree = "<group>";
		};
		852F82941D74519000B3B846 /* DLShareKit */ = {
			isa = PBXGroup;
			children = (
				852F82981D74519000B3B846 /* AppDelegate.h */,
				852F82991D74519000B3B846 /* AppDelegate.m */,
				852F829B1D74519000B3B846 /* ViewController.h */,
				852F829C1D74519000B3B846 /* ViewController.m */,
				852F829E1D74519000B3B846 /* Main.storyboard */,
				852F82A11D74519000B3B846 /* Assets.xcassets */,
				852F82A31D74519000B3B846 /* LaunchScreen.storyboard */,
				852F82A61D74519000B3B846 /* Info.plist */,
				852F82951D74519000B3B846 /* Supporting Files */,
			);
			path = DLShareKit;
			sourceTree = "<group>";
		};
		852F82951D74519000B3B846 /* Supporting Files */ = {
			isa = PBXGroup;
			children = (
				852F82961D74519000B3B846 /* main.m */,
			);
			name = "Supporting Files";
			sourceTree = "<group>";
		};
		852F82AE1D74519000B3B846 /* DLShareKitTests */ = {
			isa = PBXGroup;
			children = (
				852F82AF1D74519000B3B846 /* DLShareKitTests.m */,
				852F82B11D74519000B3B846 /* Info.plist */,
			);
			path = DLShareKitTests;
			sourceTree = "<group>";
		};
		852F82B91D74519000B3B846 /* DLShareKitUITests */ = {
			isa = PBXGroup;
			children = (
				852F82BA1D74519000B3B846 /* DLShareKitUITests.m */,
				852F82BC1D74519000B3B846 /* Info.plist */,
			);
			path = DLShareKitUITests;
			sourceTree = "<group>";
		};
/* End PBXGroup section */

/* Begin PBXNativeTarget section */
		852F82911D74519000B3B846 /* DLShareKit */ = {
			isa = PBXNativeTarget;
			buildConfigurationList = 852F82BF1D74519000B3B846 /* Build configuration list for PBXNativeTarget "DLShareKit" */;
			buildPhases = (
				852F828E1D74519000B3B846 /* Sources */,
				852F828F1D74519000B3B846 /* Frameworks */,
				852F82901D74519000B3B846 /* Resources */,
			);
			buildRules = (
			);
			dependencies = (
			);
			name = DLShareKit;
			productName = DLShareKit;
			productReference = 852F82921D74519000B3B846 /* DLShareKit.app */;
			productType = "com.apple.product-type.application";
		};
		852F82AA1D74519000B3B846 /* DLShareKitTests */ = {
			isa = PBXNativeTarget;
			buildConfigurationList = 852F82C21D74519000B3B846 /* Build configuration list for PBXNativeTarget "DLShareKitTests" */;
			buildPhases = (
				852F82A71D74519000B3B846 /* Sources */,
				852F82A81D74519000B3B846 /* Frameworks */,
				852F82A91D74519000B3B846 /* Resources */,
			);
			buildRules = (
			);
			dependencies = (
				852F82AD1D74519000B3B846 /* PBXTargetDependency */,
			);
			name = DLShareKitTests;
			productName = DLShareKitTests;
			productReference = 852F82AB1D74519000B3B846 /* DLShareKitTests.xctest */;
			productType = "com.apple.product-type.bundle.unit-test";
		};
		852F82B51D74519000B3B846 /* DLShareKitUITests */ = {
			isa = PBXNativeTarget;
			buildConfigurationList = 852F82C51D74519000B3B846 /* Build configuration list for PBXNativeTarget "DLShareKitUITests" */;
			buildPhases = (
				852F82B21D74519000B3B846 /* Sources */,
				852F82B31D74519000B3B846 /* Frameworks */,
				852F82B41D74519000B3B846 /* Resources */,
			);
			buildRules = (
			);
			dependencies = (
				852F82B81D74519000B3B846 /* PBXTargetDependency */,
			);
			name = DLShareKitUITests;
			productName = DLShareKitUITests;
			productReference = 852F82B61D74519000B3B846 /* DLShareKitUITests.xctest */;
			productType = "com.apple.product-type.bundle.ui-testing";
		};
/* End PBXNativeTarget section */

/* Begin PBXProject section */
		852F828A1D74519000B3B846 /* Project object */ = {
			isa = PBXProject;
			attributes = {
				LastUpgradeCheck = 0730;
				ORGANIZATIONNAME = famulei;
				TargetAttributes = {
					852F82911D74519000B3B846 = {
						CreatedOnToolsVersion = 7.3.1;
					};
					852F82AA1D74519000B3B846 = {
						CreatedOnToolsVersion = 7.3.1;
						TestTargetID = 852F82911D74519000B3B846;
					};
					852F82B51D74519000B3B846 = {
						CreatedOnToolsVersion = 7.3.1;
						TestTargetID = 852F82911D74519000B3B846;
					};
				};
			};
			buildConfigurationList = 852F828D1D74519000B3B846 /* Build configuration list for PBXProject "DLShareKit" */;
			compatibilityVersion = "Xcode 3.2";
			developmentRegion = English;
			hasScannedForEncodings = 0;
			knownRegions = (
				en,
				Base,
			);
			mainGroup = 852F82891D74519000B3B846;
			productRefGroup = 852F82931D74519000B3B846 /* Products */;
			projectDirPath = "";
			projectRoot = "";
			targets = (
				852F82911D74519000B3B846 /* DLShareKit */,
				852F82AA1D74519000B3B846 /* DLShareKitTests */,
				852F82B51D74519000B3B846 /* DLShareKitUITests */,
			);
		};
/* End PBXProject section */

/* Begin PBXResourcesBuildPhase section */
		852F82901D74519000B3B846 /* Resources */ = {
			isa = PBXResourcesBuildPhase;
			buildActionMask = 2147483647;
			files = (
				852F82A51D74519000B3B846 /* LaunchScreen.storyboard in Resources */,
				852F82A21D74519000B3B846 /* Assets.xcassets in Resources */,
				852F82A01D74519000B3B846 /* Main.storyboard in Resources */,
			);
			runOnlyForDeploymentPostprocessing = 0;
		};
		852F82A91D74519000B3B846 /* Resources */ = {
			isa = PBXResourcesBuildPhase;
			buildActionMask = 2147483647;
			files = (
			);
			runOnlyForDeploymentPostprocessing = 0;
		};
		852F82B41D74519000B3B846 /* Resources */ = {
			isa = PBXResourcesBuildPhase;
			buildActionMask = 2147483647;
			files = (
			);
			runOnlyForDeploymentPostprocessing = 0;
		};
/* End PBXResourcesBuildPhase section */

/* Begin PBXSourcesBuildPhase section */
		852F828E1D74519000B3B846 /* Sources */ = {
			isa = PBXSourcesBuildPhase;
			buildActionMask = 2147483647;
			files = (
				852F829D1D74519000B3B846 /* ViewController.m in Sources */,
				852F829A1D74519000B3B846 /* AppDelegate.m in Sources */,
				852F82971D74519000B3B846 /* main.m in Sources */,
			);
			runOnlyForDeploymentPostprocessing = 0;
		};
		852F82A71D74519000B3B846 /* Sources */ = {
			isa = PBXSourcesBuildPhase;
			buildActionMask = 2147483647;
			files = (
				852F82B01D74519000B3B846 /* DLShareKitTests.m in Sources */,
			);
			runOnlyForDeploymentPostprocessing = 0;
		};
		852F82B21D74519000B3B846 /* Sources */ = {
			isa = PBXSourcesBuildPhase;
			buildActionMask = 2147483647;
			files = (
				852F82BB1D74519000B3B846 /* DLShareKitUITests.m in Sources */,
			);
			runOnlyForDeploymentPostprocessing = 0;
		};
/* End PBXSourcesBuildPhase section */

/* Begin PBXTargetDependency section */
		852F82AD1D74519000B3B846 /* PBXTargetDependency */ = {
			isa = PBXTargetDependency;
			target = 852F82911D74519000B3B846 /* DLShareKit */;
			targetProxy = 852F82AC1D74519000B3B846 /* PBXContainerItemProxy */;
		};
		852F82B81D74519000B3B846 /* PBXTargetDependency */ = {
			isa = PBXTargetDependency;
			target = 852F82911D74519000B3B846 /* DLShareKit */;
			targetProxy = 852F82B71D74519000B3B846 /* PBXContainerItemProxy */;
		};
/* End PBXTargetDependency section */

/* Begin PBXVariantGroup section */
		852F829E1D74519000B3B846 /* Main.storyboard */ = {
			isa = PBXVariantGroup;
			children = (
				852F829F1D74519000B3B846 /* Base */,
			);
			name = Main.storyboard;
			sourceTree = "<group>";
		};
		852F82A31D74519000B3B846 /* LaunchScreen.storyboard */ = {
			isa = PBXVariantGroup;
			children = (
				852F82A41D74519000B3B846 /* Base */,
			);
			name = LaunchScreen.storyboard;
			sourceTree = "<group>";
		};
/* End PBXVariantGroup section */

/* Begin XCBuildConfiguration section */
		852F82BD1D74519000B3B846 /* Debug */ = {
			isa = XCBuildConfiguration;
			buildSettings = {
				ALWAYS_SEARCH_USER_PATHS = NO;
				CLANG_ANALYZER_NONNULL = YES;
				CLANG_CXX_LANGUAGE_STANDARD = "gnu++0x";
				CLANG_CXX_LIBRARY = "libc++";
				CLANG_ENABLE_MODULES = YES;
				CLANG_ENABLE_OBJC_ARC = YES;
				CLANG_WARN_BOOL_CONVERSION = YES;
				CLANG_WARN_CONSTANT_CONVERSION = YES;
				CLANG_WARN_DIRECT_OBJC_ISA_USAGE = YES_ERROR;
				CLANG_WARN_EMPTY_BODY = YES;
				CLANG_WARN_ENUM_CONVERSION = YES;
				CLANG_WARN_INT_CONVERSION = YES;
				CLANG_WARN_OBJC_ROOT_CLASS = YES_ERROR;
				CLANG_WARN_UNREACHABLE_CODE = YES;
				CLANG_WARN__DUPLICATE_METHOD_MATCH = YES;
				"CODE_SIGN_IDENTITY[sdk=iphoneos*]" = "iPhone Developer";
				COPY_PHASE_STRIP = NO;
				DEBUG_INFORMATION_FORMAT = dwarf;
				ENABLE_STRICT_OBJC_MSGSEND = YES;
				ENABLE_TESTABILITY = YES;
				GCC_C_LANGUAGE_STANDARD = gnu99;
				GCC_DYNAMIC_NO_PIC = NO;
				GCC_NO_COMMON_BLOCKS = YES;
				GCC_OPTIMIZATION_LEVEL = 0;
				GCC_PREPROCESSOR_DEFINITIONS = (
					"DEBUG=1",
					"$(inherited)",
				);
				GCC_WARN_64_TO_32_BIT_CONVERSION = YES;
				GCC_WARN_ABOUT_RETURN_TYPE = YES_ERROR;
				GCC_WARN_UNDECLARED_SELECTOR = YES;
				GCC_WARN_UNINITIALIZED_AUTOS = YES_AGGRESSIVE;
				GCC_WARN_UNUSED_FUNCTION = YES;
				GCC_WARN_UNUSED_VARIABLE = YES;
				IPHONEOS_DEPLOYMENT_TARGET = 9.3;
				MTL_ENABLE_DEBUG_INFO = YES;
				ONLY_ACTIVE_ARCH = YES;
				SDKROOT = iphoneos;
			};
			name = Debug;
		};
		852F82BE1D74519000B3B846 /* Release */ = {
			isa = XCBuildConfiguration;
			buildSettings = {
				ALWAYS_SEARCH_USER_PATHS = NO;
				CLANG_ANALYZER_NONNULL = YES;
				CLANG_CXX_LANGUAGE_STANDARD = "gnu++0x";
				CLANG_CXX_LIBRARY = "libc++";
				CLANG_ENABLE_MODULES = YES;
				CLANG_ENABLE_OBJC_ARC = YES;
				CLANG_WARN_BOOL_CONVERSION = YES;
				CLANG_WARN_CONSTANT_CONVERSION = YES;
				CLANG_WARN_DIRECT_OBJC_ISA_USAGE = YES_ERROR;
				CLANG_WARN_EMPTY_BODY = YES;
				CLANG_WARN_ENUM_CONVERSION = YES;
				CLANG_WARN_INT_CONVERSION = YES;
				CLANG_WARN_OBJC_ROOT_CLASS = YES_ERROR;
				CLANG_WARN_UNREACHABLE_CODE = YES;
				CLANG_WARN__DUPLICATE_METHOD_MATCH = YES;
				"CODE_SIGN_IDENTITY[sdk=iphoneos*]" = "iPhone Developer";
				COPY_PHASE_STRIP = NO;
				DEBUG_INFORMATION_FORMAT = "dwarf-with-dsym";
				ENABLE_NS_ASSERTIONS = NO;
				ENABLE_STRICT_OBJC_MSGSEND = YES;
				GCC_C_LANGUAGE_STANDARD = gnu99;
				GCC_NO_COMMON_BLOCKS = YES;
				GCC_WARN_64_TO_32_BIT_CONVERSION = YES;
				GCC_WARN_ABOUT_RETURN_TYPE = YES_ERROR;
				GCC_WARN_UNDECLARED_SELECTOR = YES;
				GCC_WARN_UNINITIALIZED_AUTOS = YES_AGGRESSIVE;
				GCC_WARN_UNUSED_FUNCTION = YES;
				GCC_WARN_UNUSED_VARIABLE = YES;
				IPHONEOS_DEPLOYMENT_TARGET = 9.3;
				MTL_ENABLE_DEBUG_INFO = NO;
				SDKROOT = iphoneos;
				VALIDATE_PRODUCT = YES;
			};
			name = Release;
		};
		852F82C01D74519000B3B846 /* Debug */ = {
			isa = XCBuildConfiguration;
			buildSettings = {
				ASSETCATALOG_COMPILER_APPICON_NAME = AppIcon;
				INFOPLIST_FILE = DLShareKit/Info.plist;
				LD_RUNPATH_SEARCH_PATHS = "$(inherited) @executable_path/Frameworks";
				PRODUCT_BUNDLE_IDENTIFIER = famulei.DLShareKit;
				PRODUCT_NAME = "$(TARGET_NAME)";
			};
			name = Debug;
		};
		852F82C11D74519000B3B846 /* Release */ = {
			isa = XCBuildConfiguration;
			buildSettings = {
				ASSETCATALOG_COMPILER_APPICON_NAME = AppIcon;
				INFOPLIST_FILE = DLShareKit/Info.plist;
				LD_RUNPATH_SEARCH_PATHS = "$(inherited) @executable_path/Frameworks";
				PRODUCT_BUNDLE_IDENTIFIER = famulei.DLShareKit;
				PRODUCT_NAME = "$(TARGET_NAME)";
			};
			name = Release;
		};
		852F82C31D74519000B3B846 /* Debug */ = {
			isa = XCBuildConfiguration;
			buildSettings = {
				BUNDLE_LOADER = "$(TEST_HOST)";
				INFOPLIST_FILE = DLShareKitTests/Info.plist;
				LD_RUNPATH_SEARCH_PATHS = "$(inherited) @executable_path/Frameworks @loader_path/Frameworks";
				PRODUCT_BUNDLE_IDENTIFIER = famulei.DLShareKitTests;
				PRODUCT_NAME = "$(TARGET_NAME)";
				TEST_HOST = "$(BUILT_PRODUCTS_DIR)/DLShareKit.app/DLShareKit";
			};
			name = Debug;
		};
		852F82C41D74519000B3B846 /* Release */ = {
			isa = XCBuildConfiguration;
			buildSettings = {
				BUNDLE_LOADER = "$(TEST_HOST)";
				INFOPLIST_FILE = DLShareKitTests/Info.plist;
				LD_RUNPATH_SEARCH_PATHS = "$(inherited) @executable_path/Frameworks @loader_path/Frameworks";
				PRODUCT_BUNDLE_IDENTIFIER = famulei.DLShareKitTests;
				PRODUCT_NAME = "$(TARGET_NAME)";
				TEST_HOST = "$(BUILT_PRODUCTS_DIR)/DLShareKit.app/DLShareKit";
			};
			name = Release;
		};
		852F82C61D74519000B3B846 /* Debug */ = {
			isa = XCBuildConfiguration;
			buildSettings = {
				INFOPLIST_FILE = DLShareKitUITests/Info.plist;
				LD_RUNPATH_SEARCH_PATHS = "$(inherited) @executable_path/Frameworks @loader_path/Frameworks";
				PRODUCT_BUNDLE_IDENTIFIER = famulei.DLShareKitUITests;
				PRODUCT_NAME = "$(TARGET_NAME)";
				TEST_TARGET_NAME = DLShareKit;
			};
			name = Debug;
		};
		852F82C71D74519000B3B846 /* Release */ = {
			isa = XCBuildConfiguration;
			buildSettings = {
				INFOPLIST_FILE = DLShareKitUITests/Info.plist;
				LD_RUNPATH_SEARCH_PATHS = "$(inherited) @executable_path/Frameworks @loader_path/Frameworks";
				PRODUCT_BUNDLE_IDENTIFIER = famulei.DLShareKitUITests;
				PRODUCT_NAME = "$(TARGET_NAME)";
				TEST_TARGET_NAME = DLShareKit;
			};
			name = Release;
		};
/* End XCBuildConfiguration section */

/* Begin XCConfigurationList section */
		852F828D1D74519000B3B846 /* Build configuration list for PBXProject "DLShareKit" */ = {
			isa = XCConfigurationList;
			buildConfigurations = (
				852F82BD1D74519000B3B846 /* Debug */,
				852F82BE1D74519000B3B846 /* Release */,
			);
			defaultConfigurationIsVisible = 0;
			defaultConfigurationName = Release;
		};
		852F82BF1D74519000B3B846 /* Build configuration list for PBXNativeTarget "DLShareKit" */ = {
			isa = XCConfigurationList;
			buildConfigurations = (
				852F82C01D74519000B3B846 /* Debug */,
				852F82C11D74519000B3B846 /* Release */,
			);
			defaultConfigurationIsVisible = 0;
		};
		852F82C21D74519000B3B846 /* Build configuration list for PBXNativeTarget "DLShareKitTests" */ = {
			isa = XCConfigurationList;
			buildConfigurations = (
				852F82C31D74519000B3B846 /* Debug */,
				852F82C41D74519000B3B846 /* Release */,
			);
			defaultConfigurationIsVisible = 0;
		};
		852F82C51D74519000B3B846 /* Build configuration list for PBXNativeTarget "DLShareKitUITests" */ = {
			isa = XCConfigurationList;
			buildConfigurations = (
				852F82C61D74519000B3B846 /* Debug */,
				852F82C71D74519000B3B846 /* Release */,
			);
			defaultConfigurationIsVisible = 0;
		};
/* End XCConfigurationList section */
	};
	rootObject = 852F828A1D74519000B3B846 /* Project object */;
}
